
Microsoft Visual Studio Solution File, Format Version 12.00
# Visual Studio Version 16
VisualStudioVersion = 16.0.32929.386
MinimumVisualStudioVersion = 10.0.40219.1
Project("{FAE04EC0-301F-11D3-BF4B-00C04F79EFBC}") = "Numeration", "Numeration\Numeration.csproj", "{425DE9EC-AD82-4421-B8B6-83119402DF3B}"
EndProject
Global
	GlobalSection(SolutionConfigurationPlatforms) = preSolution
		Debug|Any CPU = Debug|Any CPU
		Release|Any CPU = Release|Any CPU
	EndGlobalSection
	GlobalSection(ProjectConfigurationPlatforms) = postSolution
		{425DE9EC-AD82-4421-B8B6-83119402DF3B}.Debug|Any CPU.ActiveCfg = Debug|Any CPU
		{425DE9EC-AD82-4421-B8B6-83119402DF3B}.Debug|Any CPU.Build.0 = Debug|Any CPU
		{425DE9EC-AD82-4421-B8B6-83119402DF3B}.Release|Any CPU.ActiveCfg = Release|Any CPU
		{425DE9EC-AD82-4421-B8B6-83119402DF3B}.Release|Any CPU.Build.0 = Release|Any CPU
	EndGlobalSection
	GlobalSection(SolutionProperties) = preSolution
		HideSolutionNode = FALSE
	EndGlobalSection
	GlobalSection(ExtensibilityGlobals) = postSolution
		SolutionGuid = {CA9E71CF-4EE4-48CA-84DF-71D8A0CB1312}
	EndGlobalSection
EndGlobal
